
Microsoft Visual Studio Solution File, Format Version 12.00
# Visual Studio Version 17
VisualStudioVersion = 17.9.34902.65
MinimumVisualStudioVersion = 10.0.40219.1
Project("{9A19103F-16F7-4668-BE54-9A1E7A4F7556}") = "GeniusConsoleApp", "GeniusConsoleApp\GeniusConsoleApp.csproj", "{F145C2B7-8F01-48D8-A903-5C90C76BA76C}"
EndProject
Project("{9A19103F-16F7-4668-BE54-9A1E7A4F7556}") = "GeniusWinFormsApp", "GeniusWinFormsApp\GeniusWinFormsApp.csproj", "{71802DDC-0E29-4028-AD2C-15C800E8082A}"
EndProject
Project("{FAE04EC0-301F-11D3-BF4B-00C04F79EFBC}") = "GeniusClassLibrary", "GeniusClassLibrary\GeniusClassLibrary.csproj", "{72A0FD20-61FC-466E-841F-FCA4815B04EE}"
EndProject
Global
	GlobalSection(SolutionConfigurationPlatforms) = preSolution
		Debug|Any CPU = Debug|Any CPU
		Release|Any CPU = Release|Any CPU
	EndGlobalSection
	GlobalSection(ProjectConfigurationPlatforms) = postSolution
		{F145C2B7-8F01-48D8-A903-5C90C76BA76C}.Debug|Any CPU.ActiveCfg = Debug|Any CPU
		{F145C2B7-8F01-48D8-A903-5C90C76BA76C}.Debug|Any CPU.Build.0 = Debug|Any CPU
		{F145C2B7-8F01-48D8-A903-5C90C76BA76C}.Release|Any CPU.ActiveCfg = Release|Any CPU
		{F145C2B7-8F01-48D8-A903-5C90C76BA76C}.Release|Any CPU.Build.0 = Release|Any CPU
		{71802DDC-0E29-4028-AD2C-15C800E8082A}.Debug|Any CPU.ActiveCfg = Debug|Any CPU
		{71802DDC-0E29-4028-AD2C-15C800E8082A}.Debug|Any CPU.Build.0 = Debug|Any CPU
		{71802DDC-0E29-4028-AD2C-15C800E8082A}.Release|Any CPU.ActiveCfg = Release|Any CPU
		{71802DDC-0E29-4028-AD2C-15C800E8082A}.Release|Any CPU.Build.0 = Release|Any CPU
		{72A0FD20-61FC-466E-841F-FCA4815B04EE}.Debug|Any CPU.ActiveCfg = Debug|Any CPU
		{72A0FD20-61FC-466E-841F-FCA4815B04EE}.Debug|Any CPU.Build.0 = Debug|Any CPU
		{72A0FD20-61FC-466E-841F-FCA4815B04EE}.Release|Any CPU.ActiveCfg = Release|Any CPU
		{72A0FD20-61FC-466E-841F-FCA4815B04EE}.Release|Any CPU.Build.0 = Release|Any CPU
	EndGlobalSection
	GlobalSection(SolutionProperties) = preSolution
		HideSolutionNode = FALSE
	EndGlobalSection
	GlobalSection(ExtensibilityGlobals) = postSolution
		SolutionGuid = {DA99A62F-FFD5-4A01-8AFE-B57635BE3C2C}
	EndGlobalSection
EndGlobal
